
Microsoft Visual Studio Solution File, Format Version 12.00
Project("{FAE04EC0-301F-11D3-BF4B-00C04F79EFBC}") = "CorsProxy", "CorsProxy\CorsProxy.csproj", "{5C152819-CCFF-4268-A2CE-8B095DFCFCCF}"
EndProject
Global
	GlobalSection(SolutionConfigurationPlatforms) = preSolution
		Debug|Any CPU = Debug|Any CPU
		Release|Any CPU = Release|Any CPU
	EndGlobalSection
	GlobalSection(ProjectConfigurationPlatforms) = postSolution
		{5C152819-CCFF-4268-A2CE-8B095DFCFCCF}.Debug|Any CPU.ActiveCfg = Debug|Any CPU
		{5C152819-CCFF-4268-A2CE-8B095DFCFCCF}.Debug|Any CPU.Build.0 = Debug|Any CPU
		{5C152819-CCFF-4268-A2CE-8B095DFCFCCF}.Release|Any CPU.ActiveCfg = Release|Any CPU
		{5C152819-CCFF-4268-A2CE-8B095DFCFCCF}.Release|Any CPU.Build.0 = Release|Any CPU
	EndGlobalSection
EndGlobal
